<?xml version="1.0" encoding="utf-8"?>
<Project ToolsVersion="4.0" xmlns="http://schemas.microsoft.com/developer/msbuild/2003">
  <ItemGroup>
    <FxCompile Include="Shader\Texture.hlsl" />
    <FxCompile Include="Shader\Deferred.hlsl" />
    <FxCompile Include="Shader\GBuffer.hlsl" />
    <FxCompile Include="Shader\PointLight.hlsl" />
    <FxCompile Include="Shader\ChickenMesh.hlsl" />
    <FxCompile Include="Shader\Line2D.hlsl" />
    <FxCompile Include="Shader\Line3D.hlsl" />
    <FxCompile Include="Shader\SimpleMesh.hlsl" />
    <FxCompile Include="Shader\NormalMap.hlsl" />
    <FxCompile Include="Shader\SkinMesh.hlsl" />
    <FxCompile Include="Shader\Point3D.hlsl" />
    <FxCompile Include="Shader\Mesh.hlsl" />
    <FxCompile Include="Shader\OutLine.hlsl" />
    <FxCompile Include="Shader\SkinMeshOutLine.hlsl" />
    <FxCompile Include="Shader\Texture3D.hlsl" />
    <FxCompile Include="Shader\Shadow.hlsl" />
    <FxCompile Include="Shader\ShadowDepthTextureCreater.hlsl" />
    <FxCompile Include="Shader\SkinMeshShadow.hlsl" />
  </ItemGroup>
  <ItemGroup>
    <ClCompile Include="Component\ComponentManager.cpp" />
    <ClCompile Include="Component\Component.cpp" />
    <ClCompile Include="Device\CSVReader.cpp" />
    <ClCompile Include="Device\Physics.cpp" />
    <ClCompile Include="Device\Renderer.cpp" />
    <ClCompile Include="Device\Time.cpp" />
    <ClCompile Include="Sprite\Sprite.cpp" />
    <ClCompile Include="Sprite\SpriteManager.cpp" />
    <ClCompile Include="System\Entry.cpp" />
    <ClCompile Include="System\Game.cpp" />
    <ClCompile Include="System\Window.cpp" />
    <ClCompile Include="Mesh\MeshManager.cpp" />
    <ClCompile Include="System\GBuffer.cpp" />
    <ClCompile Include="Utility\StringUtil.cpp" />
    <ClCompile Include="Light\PointLight.cpp" />
    <ClCompile Include="Device\DrawString.cpp" />
    <ClCompile Include="Utility\LevelLoader.cpp" />
    <ClCompile Include="Utility\FileUtil.cpp" />
    <ClCompile Include="Mesh\OBJ.cpp" />
    <ClCompile Include="Device\FPSCounter.cpp" />
    <ClCompile Include="DebugLayer\Debug.cpp" />
    <ClCompile Include="DebugLayer\Log.cpp" />
    <ClCompile Include="DebugLayer\FixedDebugInformation.cpp" />
    <ClCompile Include="DebugLayer\Inspector.cpp" />
    <ClCompile Include="Input\JoyPad.cpp" />
    <ClCompile Include="Input\Keyboard.cpp" />
    <ClCompile Include="Input\Mouse.cpp" />
    <ClCompile Include="Input\Input.cpp" />
    <ClCompile Include="DebugLayer\Hierarchy.cpp" />
    <ClCompile Include="Math\Vector2.cpp" />
    <ClCompile Include="Math\Vector3.cpp" />
    <ClCompile Include="Math\Matrix3.cpp" />
    <ClCompile Include="Math\Matrix4.cpp" />
    <ClCompile Include="Math\Quaternion.cpp" />
    <ClCompile Include="Math\Vector4.cpp" />
    <ClCompile Include="GameObject\GameObject.cpp" />
    <ClCompile Include="GameObject\GameObjectManager.cpp" />
    <ClCompile Include="GameObject\GameObjectFactory.cpp" />
    <ClCompile Include="DebugLayer\DebugUtility.cpp" />
    <ClCompile Include="Math\Plane.cpp" />
    <ClCompile Include="Component\Scene\GamePlay.cpp" />
    <ClCompile Include="Component\Scene\Title.cpp" />
    <ClCompile Include="Input\InputUtility.cpp" />
    <ClCompile Include="DebugLayer\Pause.cpp" />
    <ClCompile Include="DebugLayer\Button.cpp" />
    <ClCompile Include="Device\Subject.cpp" />
    <ClCompile Include="DirectX\BlendState.cpp" />
    <ClCompile Include="DirectX\Buffer.cpp" />
    <ClCompile Include="DirectX\ComparisonFunc.cpp" />
    <ClCompile Include="DirectX\DepthStencilState.cpp" />
    <ClCompile Include="DirectX\DirectX.cpp" />
    <ClCompile Include="DirectX\Format.cpp" />
    <ClCompile Include="DirectX\IndexBuffer.cpp" />
    <ClCompile Include="DirectX\InputElement.cpp" />
    <ClCompile Include="DirectX\RasterizerState.cpp" />
    <ClCompile Include="DirectX\RenderTargetView.cpp" />
    <ClCompile Include="DirectX\Sampler.cpp" />
    <ClCompile Include="DirectX\ShaderResourceView.cpp" />
    <ClCompile Include="DirectX\SubResourceDesc.cpp" />
    <ClCompile Include="DirectX\Texture2D.cpp" />
    <ClCompile Include="DirectX\Usage.cpp" />
    <ClCompile Include="DirectX\VertexBuffer.cpp" />
    <ClCompile Include="System\SceneManager.cpp" />
    <ClCompile Include="GameObject\Object.cpp" />
    <ClCompile Include="Component\Scene\Scene.cpp" />
    <ClCompile Include="Component\Collider\Collider.cpp" />
    <ClCompile Include="Component\Light\PointLightComponent.cpp" />
    <ClCompile Include="Component\Light\DirectionalLight.cpp" />
    <ClCompile Include="Component\Text\Text.cpp" />
    <ClCompile Include="Component\Text\TextFloat.cpp" />
    <ClCompile Include="Component\Text\TextNumber.cpp" />
    <ClCompile Include="Component\Sprite\Sprite3D.cpp" />
    <ClCompile Include="Component\Sprite\SpriteComponent.cpp" />
    <ClCompile Include="Component\Mesh\MeshComponent.cpp" />
    <ClCompile Include="Component\Camera\Camera.cpp" />
    <ClCompile Include="Component\Other\HitPointComponent.cpp" />
    <ClCompile Include="Component\Collider\CircleCollider.cpp" />
    <ClCompile Include="Component\Collider\SphereCollider.cpp" />
    <ClCompile Include="Component\Sound\SoundComponent.cpp" />
    <ClCompile Include="Light\LightManager.cpp" />
    <ClCompile Include="Component\Text\TextBase.cpp" />
    <ClCompile Include="Utility\Easing.cpp" />
    <ClCompile Include="Utility\Random.cpp" />
    <ClCompile Include="Transform\Pivot.cpp" />
    <ClCompile Include="Transform\Transform2D.cpp" />
    <ClCompile Include="Transform\Transform3D.cpp" />
    <ClCompile Include="Device\Flag.cpp" />
    <ClCompile Include="Sound\Effects\SoundEffect.cpp" />
    <ClCompile Include="Sound\Volume\SoundVolume.cpp" />
    <ClCompile Include="Sound\Volume\SoundFade.cpp" />
    <ClCompile Include="Sound\Loader\WAV.cpp" />
    <ClCompile Include="Sound\Voice\SourceVoice\SourceVoice.cpp" />
    <ClCompile Include="Sound\Voice\MasteringVoice\MasteringVoice.cpp" />
    <ClCompile Include="Sound\Voice\SubmixVoice\SubmixVoice.cpp" />
    <ClCompile Include="Sound\Player\SoundPlayer.cpp" />
    <ClCompile Include="Sound\Player\Frequency.cpp" />
    <ClCompile Include="Sound\XAudio2\XAudio2.cpp" />
    <ClCompile Include="Sound\XAudio2\SoundBase.cpp" />
    <ClCompile Include="Sound\Volume\SoundPan.cpp" />
    <ClCompile Include="Sound\Effects\Equalizer\Equalizer.cpp" />
    <ClCompile Include="Sound\Effects\Echo\Echo.cpp" />
    <ClCompile Include="Sound\Effects\Reverb\Reverb.cpp" />
    <ClCompile Include="Sound\Effects\Reverb\SimpleReverb.cpp" />
    <ClCompile Include="Sound\Effects\TestEffect.cpp" />
    <ClCompile Include="Sound\Effects\TestEffectParameters.cpp" />
    <ClCompile Include="Sound\Effects\VolumeMeter\VolumeMeter.cpp" />
    <ClCompile Include="Sound\Effects\Filter\SoundFilter.cpp" />
    <ClCompile Include="Sound\Effects\Converter\SurroundStereoConverter.cpp" />
    <ClCompile Include="Sound\Voice\Output\OutputVoices.cpp" />
    <ClCompile Include="Sound\Streaming\SoundStreaming.cpp" />
    <ClCompile Include="Sound\Player\SoundLoop.cpp" />
    <ClCompile Include="Sound\Effects\PlayTimer\PlayTimer.cpp" />
    <ClCompile Include="Sound\Player\SoundPlayTimer.cpp" />
    <ClCompile Include="Sound\Player\Buffer\BufferSubmitter.cpp" />
    <ClCompile Include="Sound\Effects\SoundEffectCollection.cpp" />
    <ClCompile Include="Sound\3D\Listener\Sound3DListener.cpp" />
    <ClCompile Include="Sound\3D\Emitter\Sound3DEmitter.cpp" />
    <ClCompile Include="Component\Sound\ListenerComponent.cpp" />
    <ClCompile Include="Sound\Loader\MP3.cpp" />
    <ClCompile Include="Sound\Loader\FrameHeader.cpp" />
    <ClCompile Include="Sound\Loader\SoundFormatConverter.cpp" />
    <ClCompile Include="Sound\3D\Sound3DCalculator.cpp" />
    <ClCompile Include="Sound\3D\Emitter\DspSetter.cpp" />
    <ClCompile Include="Sound\XAudio2\SoundEngine.cpp" />
    <ClCompile Include="Sound\XAudio2\SoundManager.cpp" />
    <ClCompile Include="Sound\Factory\SoundCreater.cpp" />
    <ClCompile Include="Sound\Effects\Filter\HighPassOnePoleFilter.cpp" />
    <ClCompile Include="Sound\Effects\Filter\LowPassOnePoleFilter.cpp" />
    <ClCompile Include="Sound\Effects\Filter\BiQuadFilter.cpp" />
    <ClCompile Include="Sound\Effects\FourierTransform\DiscreteFourierTransform.cpp" />
    <ClCompile Include="Sound\File\WaveformOutput.cpp" />
    <ClCompile Include="Sound\Factory\SineWaveGenerator.cpp" />
    <ClCompile Include="Sound\Effects\FourierTransform\WindowFunction.cpp" />
    <ClCompile Include="Sound\Effects\FourierTransform\FourierTransform.cpp" />
    <ClCompile Include="Component\Sound\WaveformRenderSample.cpp" />
    <ClCompile Include="DebugLayer\LineRenderer\LineRenderer.cpp" />
    <ClCompile Include="DebugLayer\LineRenderer\LineRenderer2D.cpp" />
    <ClCompile Include="DebugLayer\LineRenderer\LineRenderer3D.cpp" />
    <ClCompile Include="Mesh\Mesh.cpp" />
    <ClCompile Include="System\Shader\ConstantBufferManager.cpp" />
    <ClCompile Include="System\Shader\Shader.cpp" />
    <ClCompile Include="System\Shader\InputElementManager.cpp" />
    <ClCompile Include="System\Texture\Texture.cpp" />
    <ClCompile Include="System\Texture\TextureFromFile.cpp" />
    <ClCompile Include="System\Texture\TextureFromMemory.cpp" />
    <ClCompile Include="Component\Sample\RayMouse.cpp" />
    <ClCompile Include="Collision\AABB.cpp" />
    <ClCompile Include="Collision\Circle.cpp" />
    <ClCompile Include="Collision\Intersect.cpp" />
    <ClCompile Include="Collision\Ray.cpp" />
    <ClCompile Include="Collision\Sphere.cpp" />
    <ClCompile Include="Component\Collider\AABBCollider.cpp" />
    <ClCompile Include="Collision\Square.cpp" />
    <ClCompile Include="Component\Camera\CameraMove.cpp" />
    <ClCompile Include="System\AssetsManager.cpp" />
    <ClCompile Include="Mesh\Fbx\FbxMaterialParser.cpp" />
    <ClCompile Include="Mesh\Fbx\FBX.cpp" />
    <ClCompile Include="Mesh\Fbx\FbxMeshParser.cpp" />
    <ClCompile Include="Mesh\Fbx\FbxBoneParser.cpp" />
    <ClCompile Include="Mesh\Fbx\FbxAnimationTime.cpp" />
    <ClCompile Include="Component\Mesh\SkinMeshComponent.cpp" />
    <ClCompile Include="DebugLayer\PointRenderer.cpp" />
    <ClCompile Include="Imgui\imgui.cpp" />
    <ClCompile Include="Imgui\imgui_demo.cpp" />
    <ClCompile Include="Imgui\imgui_draw.cpp" />
    <ClCompile Include="Imgui\imgui_impl_dx11.cpp" />
    <ClCompile Include="Imgui\imgui_impl_win32.cpp" />
    <ClCompile Include="Imgui\imgui_widgets.cpp" />
    <ClCompile Include="DebugLayer\ImGuiInspector.cpp" />
    <ClCompile Include="DebugLayer\ImGuiWrapper.cpp" />
    <ClCompile Include="Component\Other\GameObjectSaveAndLoader.cpp" />
    <ClCompile Include="Component\Other\SaveThis.cpp" />
    <ClCompile Include="Mesh\Fbx\FbxBoneWeightParser.cpp" />
    <ClCompile Include="Mesh\Fbx\FbxMotionParser.cpp" />
    <ClCompile Include="Mesh\Fbx\FbxUtility.cpp" />
    <ClCompile Include="Sprite\SpriteUtility.cpp" />
    <ClCompile Include="Component\Mesh\MeshOutLine.cpp" />
    <ClCompile Include="Component\Mesh\MeshShader.cpp" />
    <ClCompile Include="Collision\Triangle.cpp" />
    <ClCompile Include="Mesh\VertexNormalSmoother.cpp" />
    <ClCompile Include="Component\Mesh\ShadowMap.cpp" />
    <ClCompile Include="Component\Mesh\MeshRenderer.cpp" />
    <ClCompile Include="Component\Player\PlayerMove.cpp" />
    <ClCompile Include="Component\Camera\LookAtObject.cpp" />
  </ItemGroup>
  <ItemGroup>
    <ClInclude Include="Component\ComponentManager.h" />
    <ClInclude Include="Component\Component.h" />
    <ClInclude Include="Device\CSVReader.h" />
    <ClInclude Include="Device\Physics.h" />
    <ClInclude Include="Device\Renderer.h" />
    <ClInclude Include="Device\Time.h" />
    <ClInclude Include="Sprite\Sprite.h" />
    <ClInclude Include="Sprite\SpriteManager.h" />
    <ClInclude Include="System\Game.h" />
    <ClInclude Include="System\Window.h" />
    <ClInclude Include="Mesh\MeshManager.h" />
    <ClInclude Include="System\GBuffer.h" />
    <ClInclude Include="Mesh\Material.h" />
    <ClInclude Include="Utility\StringUtil.h" />
    <ClInclude Include="Light\PointLight.h" />
    <ClInclude Include="Device\DrawString.h" />
    <ClInclude Include="Utility\LevelLoader.h" />
    <ClInclude Include="Mesh\IMeshLoader.h" />
    <ClInclude Include="Utility\FileUtil.h" />
    <ClInclude Include="Mesh\OBJ.h" />
    <ClInclude Include="Device\FPSCounter.h" />
    <ClInclude Include="DebugLayer\Debug.h" />
    <ClInclude Include="DebugLayer\Log.h" />
    <ClInclude Include="DebugLayer\FixedDebugInformation.h" />
    <ClInclude Include="DebugLayer\Inspector.h" />
    <ClInclude Include="Input\JoyPad.h" />
    <ClInclude Include="Input\Keyboard.h" />
    <ClInclude Include="Input\Mouse.h" />
    <ClInclude Include="Input\Input.h" />
    <ClInclude Include="DebugLayer\Hierarchy.h" />
    <ClInclude Include="Math\Vector2.h" />
    <ClInclude Include="Math\Math.h" />
    <ClInclude Include="Math\Vector3.h" />
    <ClInclude Include="Math\Matrix3.h" />
    <ClInclude Include="Math\Matrix4.h" />
    <ClInclude Include="Math\Quaternion.h" />
    <ClInclude Include="Math\Vector4.h" />
    <ClInclude Include="Math\MathUtility.h" />
    <ClInclude Include="GameObject\GameObject.h" />
    <ClInclude Include="GameObject\GameObjectManager.h" />
    <ClInclude Include="GameObject\GameObjectFactory.h" />
    <ClInclude Include="DebugLayer\DebugUtility.h" />
    <ClInclude Include="Math\Plane.h" />
    <ClInclude Include="Component\Scene\GamePlay.h" />
    <ClInclude Include="Component\Scene\Title.h" />
    <ClInclude Include="Input\InputUtility.h" />
    <ClInclude Include="Input\IKeyboard.h" />
    <ClInclude Include="Input\IMouse.h" />
    <ClInclude Include="DebugLayer\Pause.h" />
    <ClInclude Include="DebugLayer\Button.h" />
    <ClInclude Include="DebugLayer\IButton.h" />
    <ClInclude Include="Device\Subject.h" />
    <ClInclude Include="System\SystemInclude.h" />
    <ClInclude Include="System\GlobalFunction.h" />
    <ClInclude Include="DirectX\BlendDesc.h" />
    <ClInclude Include="DirectX\BlendState.h" />
    <ClInclude Include="DirectX\Buffer.h" />
    <ClInclude Include="DirectX\BufferDesc.h" />
    <ClInclude Include="DirectX\ComparisonFunc.h" />
    <ClInclude Include="DirectX\DepthStencilDesc.h" />
    <ClInclude Include="DirectX\DepthStencilState.h" />
    <ClInclude Include="DirectX\DirectX.h" />
    <ClInclude Include="DirectX\Format.h" />
    <ClInclude Include="DirectX\IndexBuffer.h" />
    <ClInclude Include="DirectX\InputElement.h" />
    <ClInclude Include="DirectX\InputElementDesc.h" />
    <ClInclude Include="DirectX\RasterizerDesc.h" />
    <ClInclude Include="DirectX\RasterizerState.h" />
    <ClInclude Include="DirectX\RenderTargetView.h" />
    <ClInclude Include="DirectX\RenderTargetViewDesc.h" />
    <ClInclude Include="DirectX\Sampler.h" />
    <ClInclude Include="DirectX\SamplerDesc.h" />
    <ClInclude Include="DirectX\ShaderResourceView.h" />
    <ClInclude Include="DirectX\ShaderResourceViewDesc.h" />
    <ClInclude Include="DirectX\SubResourceDesc.h" />
    <ClInclude Include="DirectX\Texture2D.h" />
    <ClInclude Include="DirectX\Texture2DDesc.h" />
    <ClInclude Include="DirectX\Usage.h" />
    <ClInclude Include="DirectX\VertexBuffer.h" />
    <ClInclude Include="System\SceneManager.h" />
    <ClInclude Include="GameObject\Object.h" />
    <ClInclude Include="Component\Scene\Scene.h" />
    <ClInclude Include="Component\Collider\Collider.h" />
    <ClInclude Include="Component\Light\PointLightComponent.h" />
    <ClInclude Include="Component\Light\DirectionalLight.h" />
    <ClInclude Include="Component\Text\Text.h" />
    <ClInclude Include="Component\Text\TextFloat.h" />
    <ClInclude Include="Component\Text\TextNumber.h" />
    <ClInclude Include="Component\Sprite\SpriteComponent.h" />
    <ClInclude Include="Component\Sprite\Sprite3D.h" />
    <ClInclude Include="Component\Mesh\MeshComponent.h" />
    <ClInclude Include="Component\Camera\Camera.h" />
    <ClInclude Include="Component\Other\HitPointComponent.h" />
    <ClInclude Include="Component\Collider\CircleCollider.h" />
    <ClInclude Include="Component\Collider\SphereCollider.h" />
    <ClInclude Include="Component\Sound\SoundComponent.h" />
    <ClInclude Include="Light\LightManager.h" />
    <ClInclude Include="DirectX\DirectXInclude.h" />
    <ClInclude Include="Component\Text\TextBase.h" />
    <ClInclude Include="Utility\Easing.h" />
    <ClInclude Include="Utility\Random.h" />
    <ClInclude Include="Transform\Transform3D.h" />
    <ClInclude Include="Transform\Pivot.h" />
    <ClInclude Include="Transform\Transform2D.h" />
    <ClInclude Include="Device\Flag.h" />
    <ClInclude Include="Sound\Effects\SoundEffect.h" />
    <ClInclude Include="Sound\Volume\SoundVolume.h" />
    <ClInclude Include="Sound\Volume\SoundFade.h" />
    <ClInclude Include="Sound\Loader\WAV.h" />
    <ClInclude Include="Sound\Loader\ISoundLoader.h" />
    <ClInclude Include="Sound\Voice\IVoice.h" />
    <ClInclude Include="Sound\Voice\SourceVoice\SourceVoiceInitParam.h" />
    <ClInclude Include="Sound\Voice\SourceVoice\SourceVoice.h" />
    <ClInclude Include="Sound\Voice\MasteringVoice\MasteringVoice.h" />
    <ClInclude Include="Sound\Voice\SubmixVoice\SubmixVoice.h" />
    <ClInclude Include="Sound\Voice\SubmixVoice\SubmixVoiceInitParam.h" />
    <ClInclude Include="Sound\Player\SoundPlayer.h" />
    <ClInclude Include="Sound\Player\Frequency.h" />
    <ClInclude Include="Sound\XAudio2\XAudio2.h" />
    <ClInclude Include="Sound\XAudio2\SoundBase.h" />
    <ClInclude Include="Sound\Flag\SoundFlag.h" />
    <ClInclude Include="Sound\Effects\ISoundEffect.h" />
    <ClInclude Include="Sound\Voice\VoiceDetails.h" />
    <ClInclude Include="Sound\Volume\SoundPan.h" />
    <ClInclude Include="Sound\Effects\Equalizer\Equalizer.h" />
    <ClInclude Include="Sound\Effects\Equalizer\EqualizerParam.h" />
    <ClInclude Include="Sound\Effects\Echo\Echo.h" />
    <ClInclude Include="Sound\Effects\Echo\EchoParam.h" />
    <ClInclude Include="Sound\Effects\Reverb\Reverb.h" />
    <ClInclude Include="Sound\Effects\Reverb\SimpleReverb.h" />
    <ClInclude Include="Sound\Effects\Reverb\SimpleReverbParam.h" />
    <ClInclude Include="Sound\Effects\TestEffect.h" />
    <ClInclude Include="Sound\Effects\TestEffectParameters.h" />
    <ClInclude Include="Sound\Effects\VolumeMeter\VolumeMeter.h" />
    <ClInclude Include="Sound\Effects\SoundEffectUtility.h" />
    <ClInclude Include="Sound\Effects\IEffectCreater.h" />
    <ClInclude Include="Sound\Effects\Filter\SoundFilter.h" />
    <ClInclude Include="Sound\Effects\IEffectParameter.h" />
    <ClInclude Include="Sound\Effects\Converter\SurroundStereoConverter.h" />
    <ClInclude Include="Sound\Voice\Output\OutputVoices.h" />
    <ClInclude Include="Sound\Streaming\SoundStreaming.h" />
    <ClInclude Include="Sound\Loader\WaveFormat.h" />
    <ClInclude Include="Sound\Player\SoundLoop.h" />
    <ClInclude Include="Sound\Effects\PlayTimer\PlayTimer.h" />
    <ClInclude Include="Sound\Player\SoundPlayTimer.h" />
    <ClInclude Include="Sound\Effects\PlayTimer\PlayTimerParam.h" />
    <ClInclude Include="Sound\Player\Buffer\BufferSubmitter.h" />
    <ClInclude Include="Sound\Player\Buffer\SoundBuffer.h" />
    <ClInclude Include="Sound\Data\SoundData.h" />
    <ClInclude Include="Sound\Effects\SoundEffectCollection.h" />
    <ClInclude Include="Sound\3D\Sound3DCone.h" />
    <ClInclude Include="Sound\3D\DistanceCurve.h" />
    <ClInclude Include="Sound\3D\Listener\Sound3DListener.h" />
    <ClInclude Include="Sound\3D\Listener\Sound3DListenerParam.h" />
    <ClInclude Include="Sound\3D\Emitter\Sound3DEmitterParam.h" />
    <ClInclude Include="Sound\3D\Emitter\Sound3DEmitter.h" />
    <ClInclude Include="Component\Sound\ListenerComponent.h" />
    <ClInclude Include="Sound\Loader\MP3.h" />
    <ClInclude Include="Sound\Loader\FrameHeader.h" />
    <ClInclude Include="Sound\Loader\SoundFormatConverter.h" />
    <ClInclude Include="Sound\3D\Sound3DCalculator.h" />
    <ClInclude Include="Sound\3D\Emitter\DspSetter.h" />
    <ClInclude Include="Sound\XAudio2\SoundEngine.h" />
    <ClInclude Include="Sound\XAudio2\SoundManager.h" />
    <ClInclude Include="Sound\Factory\SoundCreater.h" />
    <ClInclude Include="Sound\Effects\Filter\HighPassOnePoleFilter.h" />
    <ClInclude Include="Sound\Effects\Filter\LowPassOnePoleFilter.h" />
    <ClInclude Include="Sound\Effects\Filter\FilterParam.h" />
    <ClInclude Include="Sound\Effects\Filter\BiQuadFilter.h" />
    <ClInclude Include="Sound\Effects\Filter\FilterType.h" />
    <ClInclude Include="Sound\Effects\FourierTransform\DiscreteFourierTransform.h" />
    <ClInclude Include="Sound\File\WaveformOutput.h" />
    <ClInclude Include="Sound\Factory\SineWaveGenerator.h" />
    <ClInclude Include="Sound\Effects\FourierTransform\WindowFunction.h" />
    <ClInclude Include="Sound\Effects\FourierTransform\FourierTransform.h" />
    <ClInclude Include="Component\Sound\WaveformRenderSample.h" />
    <ClInclude Include="DebugLayer\LineRenderer\LineRenderer.h" />
    <ClInclude Include="DebugLayer\LineRenderer\LineRenderer2D.h" />
    <ClInclude Include="DebugLayer\LineRenderer\LineRenderer3D.h" />
    <ClInclude Include="Mesh\Mesh.h" />
    <ClInclude Include="System\Shader\ConstantBuffers.h" />
    <ClInclude Include="System\Shader\ConstantBufferManager.h" />
    <ClInclude Include="System\Shader\Shader.h" />
    <ClInclude Include="System\Shader\InputElementManager.h" />
    <ClInclude Include="Mesh\Vertex.h" />
    <ClInclude Include="System\Texture\Texture.h" />
    <ClInclude Include="System\Texture\TextureFromFile.h" />
    <ClInclude Include="System\Texture\TextureFromMemory.h" />
    <ClInclude Include="Component\Sample\RayMouse.h" />
    <ClInclude Include="Mesh\IMesh.h" />
    <ClInclude Include="Collision\AABB.h" />
    <ClInclude Include="Collision\Circle.h" />
    <ClInclude Include="Collision\Collision.h" />
    <ClInclude Include="Collision\Intersect.h" />
    <ClInclude Include="Collision\Ray.h" />
    <ClInclude Include="Collision\Sphere.h" />
    <ClInclude Include="Component\Collider\AABBCollider.h" />
    <ClInclude Include="Collision\Square.h" />
    <ClInclude Include="Component\Camera\CameraMove.h" />
    <ClInclude Include="System\AssetsManager.h" />
    <ClInclude Include="Mesh\Fbx\FbxMaterialParser.h" />
    <ClInclude Include="Mesh\Fbx\FBX.h" />
    <ClInclude Include="Mesh\Fbx\FbxMeshParser.h" />
    <ClInclude Include="Mesh\Fbx\FbxBoneParser.h" />
    <ClInclude Include="Mesh\Fbx\FbxAnimationTime.h" />
    <ClInclude Include="Mesh\Bone.h" />
    <ClInclude Include="Component\Mesh\SkinMeshComponent.h" />
    <ClInclude Include="DebugLayer\PointRenderer.h" />
    <ClInclude Include="Imgui\imconfig.h" />
    <ClInclude Include="Imgui\imgui.h" />
    <ClInclude Include="Imgui\imgui_impl_dx11.h" />
    <ClInclude Include="Imgui\imgui_impl_win32.h" />
    <ClInclude Include="Imgui\imgui_internal.h" />
    <ClInclude Include="Imgui\imstb_rectpack.h" />
    <ClInclude Include="Imgui\imstb_textedit.h" />
    <ClInclude Include="Imgui\imstb_truetype.h" />
    <ClInclude Include="DebugLayer\ImGuiInspector.h" />
    <ClInclude Include="DebugLayer\ImGuiWrapper.h" />
    <ClInclude Include="Component\Other\GameObjectSaveAndLoader.h" />
    <ClInclude Include="Component\Other\SaveThis.h" />
    <ClInclude Include="Mesh\Fbx\FbxBoneWeightParser.h" />
    <ClInclude Include="Mesh\Motion.h" />
    <ClInclude Include="Mesh\Fbx\FbxMotionParser.h" />
    <ClInclude Include="Mesh\Fbx\FbxMotionTime.h" />
    <ClInclude Include="Mesh\Fbx\FbxUtility.h" />
    <ClInclude Include="Sprite\SpriteUtility.h" />
    <ClInclude Include="Component\Mesh\MeshOutLine.h" />
    <ClInclude Include="Component\Mesh\MeshShader.h" />
    <ClInclude Include="Collision\Triangle.h" />
    <ClInclude Include="Mesh\IAnimation.h" />
    <ClInclude Include="Mesh\VertexNormalSmoother.h" />
    <ClInclude Include="Component\Mesh\ShadowMap.h" />
    <ClInclude Include="Mesh\IMeshDrawer.h" />
    <ClInclude Include="Component\Mesh\IDrawBefore.h" />
    <ClInclude Include="Component\Mesh\MeshRenderer.h" />
    <ClInclude Include="Component\Player\PlayerMove.h" />
    <ClInclude Include="Component\Camera\LookAtObject.h" />
  </ItemGroup>
  <ItemGroup>
    <None Include="Shader\MeshCommonHeader.hlsli" />
    <None Include="Shader\MeshCommonAndMaterialHeader.hlsli" />
    <None Include="Shader\OutLineHeader.hlsli" />
    <None Include="Shader\SimpleHeader.hlsli" />
    <None Include="Assets\Data\ShadowMap.json" />
    <None Include="Assets\Data\BoxTest.json" />
    <None Include="Assets\Data\Camera.json" />
    <None Include="Assets\Data\CharacterCommonComponents.json" />
    <None Include="Assets\Data\CharacterOperation.json" />
    <None Include="Assets\Data\Characters.json" />
    <None Include="Assets\Data\CollideOperator.json" />
    <None Include="Assets\Data\DirectionalLight.json" />
    <None Include="Assets\Data\EnemyOperation.json" />
    <None Include="Assets\Data\Enemys.json" />
    <None Include="Assets\Data\GamePlay.json" />
    <None Include="Assets\Data\GameReset.json" />
    <None Include="Assets\Data\GameStart.json" />
    <None Include="Assets\Data\Global.json" />
    <None Include="Assets\Data\Plane.json" />
    <None Include="Assets\Data\SimpleCharacter.json" />
    <None Include="Assets\Data\SkinMesh.json" />
    <None Include="Assets\Data\SphereMap.json" />
    <None Include="Assets\Data\SphereTest.json" />
    <None Include="Assets\Data\Stage.json" />
    <None Include="Assets\Data\StageSelect.json" />
    <None Include="Assets\Data\Title.json" />
    <None Include="Assets\Data\Waveform.json" />
    <None Include="Shader\ShadowHeader.hlsli" />
    <None Include="Assets\Data\Player.json" />
  </ItemGroup>
</Project>